// !$*UTF8*$!
{
	archiveVersion = 1;
	classes = {
	};
	objectVersion = 77;
	objects = {

/* Begin PBXBuildFile section */
		18496ECB2E27BD97002AA6C1 /* GRDB in Frameworks */ = {isa = PBXBuildFile; productRef = 18496ECA2E27BD97002AA6C1 /* GRDB */; };
		18496ECD2E27C306002AA6C1 /* OverviewView.swift in Sources */ = {isa = PBXBuildFile; fileRef = 18496ECC2E27C306002AA6C1 /* OverviewView.swift */; };
		18496ECF2E27C354002AA6C1 /* QueryPerformanceView.swift in Sources */ = {isa = PBXBuildFile; fileRef = 18496ECE2E27C354002AA6C1 /* QueryPerformanceView.swift */; };
		18496ED12E27C460002AA6C1 /* SchemaView.swift in Sources */ = {isa = PBXBuildFile; fileRef = 18496ED02E27C460002AA6C1 /* SchemaView.swift */; };
		18496ED32E27C498002AA6C1 /* IndexAnalysisView.swift in Sources */ = {isa = PBXBuildFile; fileRef = 18496ED22E27C498002AA6C1 /* IndexAnalysisView.swift */; };
		18496ED52E27C4E7002AA6C1 /* SecurityFindingsView.swift in Sources */ = {isa = PBXBuildFile; fileRef = 18496ED42E27C4E7002AA6C1 /* SecurityFindingsView.swift */; };
		18496ED72E27C4F0002AA6C1 /* TriggerPerformanceView.swift in Sources */ = {isa = PBXBuildFile; fileRef = 18496ED62E27C4F0002AA6C1 /* TriggerPerformanceView.swift */; };
		18496ED92E27C4F9002AA6C1 /* RelationshipPerformanceView.swift in Sources */ = {isa = PBXBuildFile; fileRef = 18496ED82E27C4F9002AA6C1 /* RelationshipPerformanceView.swift */; };
		18496EDB2E27C50E002AA6C1 /* DataIntegrityView.swift in Sources */ = {isa = PBXBuildFile; fileRef = 18496EDA2E27C50E002AA6C1 /* DataIntegrityView.swift */; };
		18496EDF2E27CA35002AA6C1 /* DatabaseSelectionHelper.swift in Sources */ = {isa = PBXBuildFile; fileRef = 18496EDE2E27CA35002AA6C1 /* DatabaseSelectionHelper.swift */; };
		18496EE12E27D11D002AA6C1 /* SQLEditorView.swift in Sources */ = {isa = PBXBuildFile; fileRef = 18496EE02E27D11D002AA6C1 /* SQLEditorView.swift */; };
		18496EE32E27D12B002AA6C1 /* QueryHistoryView.swift in Sources */ = {isa = PBXBuildFile; fileRef = 18496EE22E27D12B002AA6C1 /* QueryHistoryView.swift */; };
		18496EE52E27D160002AA6C1 /* SQLiteAnalyzer+QueryExecution.swift in Sources */ = {isa = PBXBuildFile; fileRef = 18496EE42E27D160002AA6C1 /* SQLiteAnalyzer+QueryExecution.swift */; };
		18496EE72E27D232002AA6C1 /* DataBrowserView.swift in Sources */ = {isa = PBXBuildFile; fileRef = 18496EE62E27D232002AA6C1 /* DataBrowserView.swift */; };
		18496EEB2E27D2D2002AA6C1 /* ExportView.swift in Sources */ = {isa = PBXBuildFile; fileRef = 18496EEA2E27D2D2002AA6C1 /* ExportView.swift */; };
		187A58EE2E260436007967C1 /* AnalysisModels.swift in Sources */ = {isa = PBXBuildFile; fileRef = 187A58ED2E260436007967C1 /* AnalysisModels.swift */; };
		187A58F02E26044A007967C1 /* SchemaModels.swift in Sources */ = {isa = PBXBuildFile; fileRef = 187A58EF2E26044A007967C1 /* SchemaModels.swift */; };
		187A58F32E26048D007967C1 /* SQLiteAnalyzer.swift in Sources */ = {isa = PBXBuildFile; fileRef = 187A58F22E26048D007967C1 /* SQLiteAnalyzer.swift */; };
		187A58F52E2604CD007967C1 /* AnalysisResultsView.swift in Sources */ = {isa = PBXBuildFile; fileRef = 187A58F42E2604CD007967C1 /* AnalysisResultsView.swift */; };
		187A58F72E2604FA007967C1 /* HTMLReportGenerator.swift in Sources */ = {isa = PBXBuildFile; fileRef = 187A58F62E2604FA007967C1 /* HTMLReportGenerator.swift */; };
/* End PBXBuildFile section */

/* Begin PBXFileReference section */
		18496ECC2E27C306002AA6C1 /* OverviewView.swift */ = {isa = PBXFileReference; lastKnownFileType = sourcecode.swift; path = OverviewView.swift; sourceTree = "<group>"; };
		18496ECE2E27C354002AA6C1 /* QueryPerformanceView.swift */ = {isa = PBXFileReference; lastKnownFileType = sourcecode.swift; path = QueryPerformanceView.swift; sourceTree = "<group>"; };
		18496ED02E27C460002AA6C1 /* SchemaView.swift */ = {isa = PBXFileReference; lastKnownFileType = sourcecode.swift; path = SchemaView.swift; sourceTree = "<group>"; };
		18496ED22E27C498002AA6C1 /* IndexAnalysisView.swift */ = {isa = PBXFileReference; lastKnownFileType = sourcecode.swift; path = IndexAnalysisView.swift; sourceTree = "<group>"; };
		18496ED42E27C4E7002AA6C1 /* SecurityFindingsView.swift */ = {isa = PBXFileReference; lastKnownFileType = sourcecode.swift; path = SecurityFindingsView.swift; sourceTree = "<group>"; };
		18496ED62E27C4F0002AA6C1 /* TriggerPerformanceView.swift */ = {isa = PBXFileReference; lastKnownFileType = sourcecode.swift; path = TriggerPerformanceView.swift; sourceTree = "<group>"; };
		18496ED82E27C4F9002AA6C1 /* RelationshipPerformanceView.swift */ = {isa = PBXFileReference; lastKnownFileType = sourcecode.swift; path = RelationshipPerformanceView.swift; sourceTree = "<group>"; };
		18496EDA2E27C50E002AA6C1 /* DataIntegrityView.swift */ = {isa = PBXFileReference; lastKnownFileType = sourcecode.swift; path = DataIntegrityView.swift; sourceTree = "<group>"; };
		18496EDE2E27CA35002AA6C1 /* DatabaseSelectionHelper.swift */ = {isa = PBXFileReference; lastKnownFileType = sourcecode.swift; path = DatabaseSelectionHelper.swift; sourceTree = "<group>"; };
		18496EE02E27D11D002AA6C1 /* SQLEditorView.swift */ = {isa = PBXFileReference; lastKnownFileType = sourcecode.swift; path = SQLEditorView.swift; sourceTree = "<group>"; };
		18496EE22E27D12B002AA6C1 /* QueryHistoryView.swift */ = {isa = PBXFileReference; lastKnownFileType = sourcecode.swift; path = QueryHistoryView.swift; sourceTree = "<group>"; };
		18496EE42E27D160002AA6C1 /* SQLiteAnalyzer+QueryExecution.swift */ = {isa = PBXFileReference; lastKnownFileType = sourcecode.swift; path = "SQLiteAnalyzer+QueryExecution.swift"; sourceTree = "<group>"; };
		18496EE62E27D232002AA6C1 /* DataBrowserView.swift */ = {isa = PBXFileReference; lastKnownFileType = sourcecode.swift; path = DataBrowserView.swift; sourceTree = "<group>"; };
		18496EEA2E27D2D2002AA6C1 /* ExportView.swift */ = {isa = PBXFileReference; lastKnownFileType = sourcecode.swift; path = ExportView.swift; sourceTree = "<group>"; };
		187A58D32E2602B4007967C1 /* DatabaseAnalyzer.app */ = {isa = PBXFileReference; explicitFileType = wrapper.application; includeInIndex = 0; path = DatabaseAnalyzer.app; sourceTree = BUILT_PRODUCTS_DIR; };
		187A58ED2E260436007967C1 /* AnalysisModels.swift */ = {isa = PBXFileReference; lastKnownFileType = sourcecode.swift; path = AnalysisModels.swift; sourceTree = "<group>"; };
		187A58EF2E26044A007967C1 /* SchemaModels.swift */ = {isa = PBXFileReference; lastKnownFileType = sourcecode.swift; path = SchemaModels.swift; sourceTree = "<group>"; };
		187A58F22E26048D007967C1 /* SQLiteAnalyzer.swift */ = {isa = PBXFileReference; lastKnownFileType = sourcecode.swift; path = SQLiteAnalyzer.swift; sourceTree = "<group>"; };
		187A58F42E2604CD007967C1 /* AnalysisResultsView.swift */ = {isa = PBXFileReference; lastKnownFileType = sourcecode.swift; path = AnalysisResultsView.swift; sourceTree = "<group>"; };
		187A58F62E2604FA007967C1 /* HTMLReportGenerator.swift */ = {isa = PBXFileReference; lastKnownFileType = sourcecode.swift; path = HTMLReportGenerator.swift; sourceTree = "<group>"; };
/* End PBXFileReference section */

/* Begin PBXFileSystemSynchronizedRootGroup section */
		187A58D52E2602B4007967C1 /* DatabaseAnalyzer */ = {
			isa = PBXFileSystemSynchronizedRootGroup;
			path = DatabaseAnalyzer;
			sourceTree = "<group>";
		};
/* End PBXFileSystemSynchronizedRootGroup section */

/* Begin PBXFrameworksBuildPhase section */
		187A58D02E2602B4007967C1 /* Frameworks */ = {
			isa = PBXFrameworksBuildPhase;
			buildActionMask = 2147483647;
			files = (
				18496ECB2E27BD97002AA6C1 /* GRDB in Frameworks */,
			);
			runOnlyForDeploymentPostprocessing = 0;
		};
/* End PBXFrameworksBuildPhase section */

/* Begin PBXGroup section */
		187A58CA2E2602B4007967C1 = {
			isa = PBXGroup;
			children = (
				187A58F82E2608A6007967C1 /* View */,
				187A58F12E260477007967C1 /* Services */,
				187A58EB2E2603DB007967C1 /* Models */,
				187A58D52E2602B4007967C1 /* DatabaseAnalyzer */,
				187A58D42E2602B4007967C1 /* Products */,
			);
			sourceTree = "<group>";
		};
		187A58D42E2602B4007967C1 /* Products */ = {
			isa = PBXGroup;
			children = (
				187A58D32E2602B4007967C1 /* DatabaseAnalyzer.app */,
			);
			name = Products;
			sourceTree = "<group>";
		};
		187A58EB2E2603DB007967C1 /* Models */ = {
			isa = PBXGroup;
			children = (
				187A58ED2E260436007967C1 /* AnalysisModels.swift */,
				187A58EF2E26044A007967C1 /* SchemaModels.swift */,
			);
			path = Models;
			sourceTree = "<group>";
		};
		187A58F12E260477007967C1 /* Services */ = {
			isa = PBXGroup;
			children = (
				18496EE42E27D160002AA6C1 /* SQLiteAnalyzer+QueryExecution.swift */,
				187A58F22E26048D007967C1 /* SQLiteAnalyzer.swift */,
				187A58F62E2604FA007967C1 /* HTMLReportGenerator.swift */,
			);
			path = Services;
			sourceTree = "<group>";
		};
		187A58F82E2608A6007967C1 /* View */ = {
			isa = PBXGroup;
			children = (
				18496EEA2E27D2D2002AA6C1 /* ExportView.swift */,
				18496EE62E27D232002AA6C1 /* DataBrowserView.swift */,
				18496EE22E27D12B002AA6C1 /* QueryHistoryView.swift */,
				18496EE02E27D11D002AA6C1 /* SQLEditorView.swift */,
				18496EDA2E27C50E002AA6C1 /* DataIntegrityView.swift */,
				18496ED82E27C4F9002AA6C1 /* RelationshipPerformanceView.swift */,
				18496ED62E27C4F0002AA6C1 /* TriggerPerformanceView.swift */,
				18496ED42E27C4E7002AA6C1 /* SecurityFindingsView.swift */,
				18496ED22E27C498002AA6C1 /* IndexAnalysisView.swift */,
				18496EDE2E27CA35002AA6C1 /* DatabaseSelectionHelper.swift */,
				18496ED02E27C460002AA6C1 /* SchemaView.swift */,
				18496ECE2E27C354002AA6C1 /* QueryPerformanceView.swift */,
				187A58F42E2604CD007967C1 /* AnalysisResultsView.swift */,
				18496ECC2E27C306002AA6C1 /* OverviewView.swift */,
			);
			path = View;
			sourceTree = "<group>";
		};
/* End PBXGroup section */

/* Begin PBXNativeTarget section */
		187A58D22E2602B4007967C1 /* DatabaseAnalyzer */ = {
			isa = PBXNativeTarget;
			buildConfigurationList = 187A58DF2E2602B6007967C1 /* Build configuration list for PBXNativeTarget "DatabaseAnalyzer" */;
			buildPhases = (
				187A58CF2E2602B4007967C1 /* Sources */,
				187A58D02E2602B4007967C1 /* Frameworks */,
				187A58D12E2602B4007967C1 /* Resources */,
			);
			buildRules = (
			);
			dependencies = (
			);
			fileSystemSynchronizedGroups = (
				187A58D52E2602B4007967C1 /* DatabaseAnalyzer */,
			);
			name = DatabaseAnalyzer;
			packageProductDependencies = (
				18496ECA2E27BD97002AA6C1 /* GRDB */,
			);
			productName = DatabaseAnalyzer;
			productReference = 187A58D32E2602B4007967C1 /* DatabaseAnalyzer.app */;
			productType = "com.apple.product-type.application";
		};
/* End PBXNativeTarget section */

/* Begin PBXProject section */
		187A58CB2E2602B4007967C1 /* Project object */ = {
			isa = PBXProject;
			attributes = {
				BuildIndependentTargetsInParallel = 1;
				LastSwiftUpdateCheck = 1640;
				LastUpgradeCheck = 1640;
				TargetAttributes = {
					187A58D22E2602B4007967C1 = {
						CreatedOnToolsVersion = 16.4;
					};
				};
			};
			buildConfigurationList = 187A58CE2E2602B4007967C1 /* Build configuration list for PBXProject "DatabaseAnalyzer" */;
			developmentRegion = en;
			hasScannedForEncodings = 0;
			knownRegions = (
				en,
				Base,
			);
			mainGroup = 187A58CA2E2602B4007967C1;
			minimizedProjectReferenceProxies = 1;
			packageReferences = (
				18496EC92E27BD97002AA6C1 /* XCRemoteSwiftPackageReference "GRDB.swift" */,
			);
			preferredProjectObjectVersion = 77;
			productRefGroup = 187A58D42E2602B4007967C1 /* Products */;
			projectDirPath = "";
			projectRoot = "";
			targets = (
				187A58D22E2602B4007967C1 /* DatabaseAnalyzer */,
			);
		};
/* End PBXProject section */

/* Begin PBXResourcesBuildPhase section */
		187A58D12E2602B4007967C1 /* Resources */ = {
			isa = PBXResourcesBuildPhase;
			buildActionMask = 2147483647;
			files = (
			);
			runOnlyForDeploymentPostprocessing = 0;
		};
/* End PBXResourcesBuildPhase section */

/* Begin PBXSourcesBuildPhase section */
		187A58CF2E2602B4007967C1 /* Sources */ = {
			isa = PBXSourcesBuildPhase;
			buildActionMask = 2147483647;
			files = (
				18496EEB2E27D2D2002AA6C1 /* ExportView.swift in Sources */,
				18496EE72E27D232002AA6C1 /* DataBrowserView.swift in Sources */,
				187A58EE2E260436007967C1 /* AnalysisModels.swift in Sources */,
				18496ED12E27C460002AA6C1 /* SchemaView.swift in Sources */,
				18496EDB2E27C50E002AA6C1 /* DataIntegrityView.swift in Sources */,
				187A58F02E26044A007967C1 /* SchemaModels.swift in Sources */,
				18496EE52E27D160002AA6C1 /* SQLiteAnalyzer+QueryExecution.swift in Sources */,
				18496ECF2E27C354002AA6C1 /* QueryPerformanceView.swift in Sources */,
				18496ED52E27C4E7002AA6C1 /* SecurityFindingsView.swift in Sources */,
				18496ED32E27C498002AA6C1 /* IndexAnalysisView.swift in Sources */,
				187A58F32E26048D007967C1 /* SQLiteAnalyzer.swift in Sources */,
				187A58F72E2604FA007967C1 /* HTMLReportGenerator.swift in Sources */,
				18496EDF2E27CA35002AA6C1 /* DatabaseSelectionHelper.swift in Sources */,
				187A58F52E2604CD007967C1 /* AnalysisResultsView.swift in Sources */,
				18496ED92E27C4F9002AA6C1 /* RelationshipPerformanceView.swift in Sources */,
				18496EE32E27D12B002AA6C1 /* QueryHistoryView.swift in Sources */,
				18496EE12E27D11D002AA6C1 /* SQLEditorView.swift in Sources */,
				18496ECD2E27C306002AA6C1 /* OverviewView.swift in Sources */,
				18496ED72E27C4F0002AA6C1 /* TriggerPerformanceView.swift in Sources */,
			);
			runOnlyForDeploymentPostprocessing = 0;
		};
/* End PBXSourcesBuildPhase section */

/* Begin XCBuildConfiguration section */
		187A58DD2E2602B6007967C1 /* Debug */ = {
			isa = XCBuildConfiguration;
			buildSettings = {
				ALWAYS_SEARCH_USER_PATHS = NO;
				ASSETCATALOG_COMPILER_GENERATE_SWIFT_ASSET_SYMBOL_EXTENSIONS = YES;
				CLANG_ANALYZER_NONNULL = YES;
				CLANG_ANALYZER_NUMBER_OBJECT_CONVERSION = YES_AGGRESSIVE;
				CLANG_CXX_LANGUAGE_STANDARD = "gnu++20";
				CLANG_ENABLE_MODULES = YES;
				CLANG_ENABLE_OBJC_ARC = YES;
				CLANG_ENABLE_OBJC_WEAK = YES;
				CLANG_WARN_BLOCK_CAPTURE_AUTORELEASING = YES;
				CLANG_WARN_BOOL_CONVERSION = YES;
				CLANG_WARN_COMMA = YES;
				CLANG_WARN_CONSTANT_CONVERSION = YES;
				CLANG_WARN_DEPRECATED_OBJC_IMPLEMENTATIONS = YES;
				CLANG_WARN_DIRECT_OBJC_ISA_USAGE = YES_ERROR;
				CLANG_WARN_DOCUMENTATION_COMMENTS = YES;
				CLANG_WARN_EMPTY_BODY = YES;
				CLANG_WARN_ENUM_CONVERSION = YES;
				CLANG_WARN_INFINITE_RECURSION = YES;
				CLANG_WARN_INT_CONVERSION = YES;
				CLANG_WARN_NON_LITERAL_NULL_CONVERSION = YES;
				CLANG_WARN_OBJC_IMPLICIT_RETAIN_SELF = YES;
				CLANG_WARN_OBJC_LITERAL_CONVERSION = YES;
				CLANG_WARN_OBJC_ROOT_CLASS = YES_ERROR;
				CLANG_WARN_QUOTED_INCLUDE_IN_FRAMEWORK_HEADER = YES;
				CLANG_WARN_RANGE_LOOP_ANALYSIS = YES;
				CLANG_WARN_STRICT_PROTOTYPES = YES;
				CLANG_WARN_SUSPICIOUS_MOVE = YES;
				CLANG_WARN_UNGUARDED_AVAILABILITY = YES_AGGRESSIVE;
				CLANG_WARN_UNREACHABLE_CODE = YES;
				CLANG_WARN__DUPLICATE_METHOD_MATCH = YES;
				COPY_PHASE_STRIP = NO;
				DEBUG_INFORMATION_FORMAT = dwarf;
				DEVELOPMENT_TEAM = 5Z7UUVR9YX;
				ENABLE_STRICT_OBJC_MSGSEND = YES;
				ENABLE_TESTABILITY = YES;
				ENABLE_USER_SCRIPT_SANDBOXING = YES;
				GCC_C_LANGUAGE_STANDARD = gnu17;
				GCC_DYNAMIC_NO_PIC = NO;
				GCC_NO_COMMON_BLOCKS = YES;
				GCC_OPTIMIZATION_LEVEL = 0;
				GCC_PREPROCESSOR_DEFINITIONS = (
					"DEBUG=1",
					"$(inherited)",
				);
				GCC_WARN_64_TO_32_BIT_CONVERSION = YES;
				GCC_WARN_ABOUT_RETURN_TYPE = YES_ERROR;
				GCC_WARN_UNDECLARED_SELECTOR = YES;
				GCC_WARN_UNINITIALIZED_AUTOS = YES_AGGRESSIVE;
				GCC_WARN_UNUSED_FUNCTION = YES;
				GCC_WARN_UNUSED_VARIABLE = YES;
				LOCALIZATION_PREFERS_STRING_CATALOGS = YES;
				MACOSX_DEPLOYMENT_TARGET = 15.5;
				MTL_ENABLE_DEBUG_INFO = INCLUDE_SOURCE;
				MTL_FAST_MATH = YES;
				ONLY_ACTIVE_ARCH = YES;
				SDKROOT = macosx;
				SWIFT_ACTIVE_COMPILATION_CONDITIONS = "DEBUG $(inherited)";
				SWIFT_OPTIMIZATION_LEVEL = "-Onone";
			};
			name = Debug;
		};
		187A58DE2E2602B6007967C1 /* Release */ = {
			isa = XCBuildConfiguration;
			buildSettings = {
				ALWAYS_SEARCH_USER_PATHS = NO;
				ASSETCATALOG_COMPILER_GENERATE_SWIFT_ASSET_SYMBOL_EXTENSIONS = YES;
				CLANG_ANALYZER_NONNULL = YES;
				CLANG_ANALYZER_NUMBER_OBJECT_CONVERSION = YES_AGGRESSIVE;
				CLANG_CXX_LANGUAGE_STANDARD = "gnu++20";
				CLANG_ENABLE_MODULES = YES;
				CLANG_ENABLE_OBJC_ARC = YES;
				CLANG_ENABLE_OBJC_WEAK = YES;
				CLANG_WARN_BLOCK_CAPTURE_AUTORELEASING = YES;
				CLANG_WARN_BOOL_CONVERSION = YES;
				CLANG_WARN_COMMA = YES;
				CLANG_WARN_CONSTANT_CONVERSION = YES;
				CLANG_WARN_DEPRECATED_OBJC_IMPLEMENTATIONS = YES;
				CLANG_WARN_DIRECT_OBJC_ISA_USAGE = YES_ERROR;
				CLANG_WARN_DOCUMENTATION_COMMENTS = YES;
				CLANG_WARN_EMPTY_BODY = YES;
				CLANG_WARN_ENUM_CONVERSION = YES;
				CLANG_WARN_INFINITE_RECURSION = YES;
				CLANG_WARN_INT_CONVERSION = YES;
				CLANG_WARN_NON_LITERAL_NULL_CONVERSION = YES;
				CLANG_WARN_OBJC_IMPLICIT_RETAIN_SELF = YES;
				CLANG_WARN_OBJC_LITERAL_CONVERSION = YES;
				CLANG_WARN_OBJC_ROOT_CLASS = YES_ERROR;
				CLANG_WARN_QUOTED_INCLUDE_IN_FRAMEWORK_HEADER = YES;
				CLANG_WARN_RANGE_LOOP_ANALYSIS = YES;
				CLANG_WARN_STRICT_PROTOTYPES = YES;
				CLANG_WARN_SUSPICIOUS_MOVE = YES;
				CLANG_WARN_UNGUARDED_AVAILABILITY = YES_AGGRESSIVE;
				CLANG_WARN_UNREACHABLE_CODE = YES;
				CLANG_WARN__DUPLICATE_METHOD_MATCH = YES;
				COPY_PHASE_STRIP = NO;
				DEBUG_INFORMATION_FORMAT = "dwarf-with-dsym";
				DEVELOPMENT_TEAM = 5Z7UUVR9YX;
				ENABLE_NS_ASSERTIONS = NO;
				ENABLE_STRICT_OBJC_MSGSEND = YES;
				ENABLE_USER_SCRIPT_SANDBOXING = YES;
				GCC_C_LANGUAGE_STANDARD = gnu17;
				GCC_NO_COMMON_BLOCKS = YES;
				GCC_WARN_64_TO_32_BIT_CONVERSION = YES;
				GCC_WARN_ABOUT_RETURN_TYPE = YES_ERROR;
				GCC_WARN_UNDECLARED_SELECTOR = YES;
				GCC_WARN_UNINITIALIZED_AUTOS = YES_AGGRESSIVE;
				GCC_WARN_UNUSED_FUNCTION = YES;
				GCC_WARN_UNUSED_VARIABLE = YES;
				LOCALIZATION_PREFERS_STRING_CATALOGS = YES;
				MACOSX_DEPLOYMENT_TARGET = 15.5;
				MTL_ENABLE_DEBUG_INFO = NO;
				MTL_FAST_MATH = YES;
				SDKROOT = macosx;
				SWIFT_COMPILATION_MODE = wholemodule;
			};
			name = Release;
		};
		187A58E02E2602B6007967C1 /* Debug */ = {
			isa = XCBuildConfiguration;
			buildSettings = {
				ASSETCATALOG_COMPILER_APPICON_NAME = AppIcon;
				ASSETCATALOG_COMPILER_GLOBAL_ACCENT_COLOR_NAME = AccentColor;
				CODE_SIGN_ENTITLEMENTS = DatabaseAnalyzer/DatabaseAnalyzer.entitlements;
				CODE_SIGN_STYLE = Automatic;
				COMBINE_HIDPI_IMAGES = YES;
				CURRENT_PROJECT_VERSION = 1;
				DEVELOPMENT_TEAM = 5Z7UUVR9YX;
				ENABLE_HARDENED_RUNTIME = YES;
				ENABLE_PREVIEWS = YES;
				GENERATE_INFOPLIST_FILE = YES;
				INFOPLIST_KEY_NSHumanReadableCopyright = "";
				LD_RUNPATH_SEARCH_PATHS = (
					"$(inherited)",
					"@executable_path/../Frameworks",
				);
				MARKETING_VERSION = 1.0;
				PRODUCT_BUNDLE_IDENTIFIER = com.brandsyncstudio.DatabaseAnalyzer;
				PRODUCT_NAME = "$(TARGET_NAME)";
				REGISTER_APP_GROUPS = YES;
				SWIFT_EMIT_LOC_STRINGS = YES;
				SWIFT_VERSION = 5.0;
			};
			name = Debug;
		};
		187A58E12E2602B6007967C1 /* Release */ = {
			isa = XCBuildConfiguration;
			buildSettings = {
				ASSETCATALOG_COMPILER_APPICON_NAME = AppIcon;
				ASSETCATALOG_COMPILER_GLOBAL_ACCENT_COLOR_NAME = AccentColor;
				CODE_SIGN_ENTITLEMENTS = DatabaseAnalyzer/DatabaseAnalyzer.entitlements;
				CODE_SIGN_STYLE = Automatic;
				COMBINE_HIDPI_IMAGES = YES;
				CURRENT_PROJECT_VERSION = 1;
				DEVELOPMENT_TEAM = 5Z7UUVR9YX;
				ENABLE_HARDENED_RUNTIME = YES;
				ENABLE_PREVIEWS = YES;
				GENERATE_INFOPLIST_FILE = YES;
				INFOPLIST_KEY_NSHumanReadableCopyright = "";
				LD_RUNPATH_SEARCH_PATHS = (
					"$(inherited)",
					"@executable_path/../Frameworks",
				);
				MARKETING_VERSION = 1.0;
				PRODUCT_BUNDLE_IDENTIFIER = com.brandsyncstudio.DatabaseAnalyzer;
				PRODUCT_NAME = "$(TARGET_NAME)";
				REGISTER_APP_GROUPS = YES;
				SWIFT_EMIT_LOC_STRINGS = YES;
				SWIFT_VERSION = 5.0;
			};
			name = Release;
		};
/* End XCBuildConfiguration section */

/* Begin XCConfigurationList section */
		187A58CE2E2602B4007967C1 /* Build configuration list for PBXProject "DatabaseAnalyzer" */ = {
			isa = XCConfigurationList;
			buildConfigurations = (
				187A58DD2E2602B6007967C1 /* Debug */,
				187A58DE2E2602B6007967C1 /* Release */,
			);
			defaultConfigurationIsVisible = 0;
			defaultConfigurationName = Release;
		};
		187A58DF2E2602B6007967C1 /* Build configuration list for PBXNativeTarget "DatabaseAnalyzer" */ = {
			isa = XCConfigurationList;
			buildConfigurations = (
				187A58E02E2602B6007967C1 /* Debug */,
				187A58E12E2602B6007967C1 /* Release */,
			);
			defaultConfigurationIsVisible = 0;
			defaultConfigurationName = Release;
		};
/* End XCConfigurationList section */

/* Begin XCRemoteSwiftPackageReference section */
		18496EC92E27BD97002AA6C1 /* XCRemoteSwiftPackageReference "GRDB.swift" */ = {
			isa = XCRemoteSwiftPackageReference;
			repositoryURL = "https://github.com/groue/GRDB.swift.git";
			requirement = {
				branch = master;
				kind = branch;
			};
		};
/* End XCRemoteSwiftPackageReference section */

/* Begin XCSwiftPackageProductDependency section */
		18496ECA2E27BD97002AA6C1 /* GRDB */ = {
			isa = XCSwiftPackageProductDependency;
			package = 18496EC92E27BD97002AA6C1 /* XCRemoteSwiftPackageReference "GRDB.swift" */;
			productName = GRDB;
		};
/* End XCSwiftPackageProductDependency section */
	};
	rootObject = 187A58CB2E2602B4007967C1 /* Project object */;
}
